// !$*UTF8*$!
{
	archiveVersion = 1;
	classes = {
	};
	objectVersion = 50;
	objects = {

/* Begin PBXBuildFile section */
		EC4A0B3B214AD06300E35159 /* GLTFAnimationChannel.swift in Sources */ = {isa = PBXBuildFile; fileRef = EC4A0B12214AD05A00E35159 /* GLTFAnimationChannel.swift */; };
		EC4A0B3C214AD06300E35159 /* GLTFAnimationSampler.swift in Sources */ = {isa = PBXBuildFile; fileRef = EC4A0B13214AD05B00E35159 /* GLTFAnimationSampler.swift */; };
		EC4A0B3D214AD06300E35159 /* GLTFImage.swift in Sources */ = {isa = PBXBuildFile; fileRef = EC4A0B14214AD05B00E35159 /* GLTFImage.swift */; };
		EC4A0B3E214AD06300E35159 /* GLTFCameraOrthographic.swift in Sources */ = {isa = PBXBuildFile; fileRef = EC4A0B15214AD05B00E35159 /* GLTFCameraOrthographic.swift */; };
		EC4A0B3F214AD06300E35159 /* GLTFGlTFChildOfRootProperty.swift in Sources */ = {isa = PBXBuildFile; fileRef = EC4A0B16214AD05B00E35159 /* GLTFGlTFChildOfRootProperty.swift */; };
		EC4A0B40214AD06300E35159 /* GLTFKHRMaterialsPbrSpecularGlossiness_GLTFKHRMaterialsPbrSpecularGlossiness.swift in Sources */ = {isa = PBXBuildFile; fileRef = EC4A0B17214AD05B00E35159 /* GLTFKHRMaterialsPbrSpecularGlossiness_GLTFKHRMaterialsPbrSpecularGlossiness.swift */; };
		EC4A0B41214AD06300E35159 /* GLTFUnarchiver.swift in Sources */ = {isa = PBXBuildFile; fileRef = EC4A0B18214AD05C00E35159 /* GLTFUnarchiver.swift */; };
		EC4A0B42214AD06300E35159 /* GLTFMaterialPbrMetallicRoughness.swift in Sources */ = {isa = PBXBuildFile; fileRef = EC4A0B19214AD05C00E35159 /* GLTFMaterialPbrMetallicRoughness.swift */; };
		EC4A0B43214AD06300E35159 /* GLTFNode.swift in Sources */ = {isa = PBXBuildFile; fileRef = EC4A0B1A214AD05C00E35159 /* GLTFNode.swift */; };
		EC4A0B44214AD06300E35159 /* GLTFAccessorSparse.swift in Sources */ = {isa = PBXBuildFile; fileRef = EC4A0B1B214AD05C00E35159 /* GLTFAccessorSparse.swift */; };
		EC4A0B45214AD06300E35159 /* GLTFErrors.swift in Sources */ = {isa = PBXBuildFile; fileRef = EC4A0B1C214AD05D00E35159 /* GLTFErrors.swift */; };
		EC4A0B46214AD06300E35159 /* GLTFAccessor.swift in Sources */ = {isa = PBXBuildFile; fileRef = EC4A0B1D214AD05D00E35159 /* GLTFAccessor.swift */; };
		EC4A0B47214AD06300E35159 /* GLTFTexture.swift in Sources */ = {isa = PBXBuildFile; fileRef = EC4A0B1E214AD05D00E35159 /* GLTFTexture.swift */; };
		EC4A0B48214AD06300E35159 /* GLTFMesh.swift in Sources */ = {isa = PBXBuildFile; fileRef = EC4A0B1F214AD05D00E35159 /* GLTFMesh.swift */; };
		EC4A0B49214AD06300E35159 /* GLTFCamera.swift in Sources */ = {isa = PBXBuildFile; fileRef = EC4A0B20214AD05D00E35159 /* GLTFCamera.swift */; };
		EC4A0B4A214AD06300E35159 /* GLTFTypes.swift in Sources */ = {isa = PBXBuildFile; fileRef = EC4A0B21214AD05E00E35159 /* GLTFTypes.swift */; };
		EC4A0B4B214AD06300E35159 /* GLTFAnimationChannelTarget.swift in Sources */ = {isa = PBXBuildFile; fileRef = EC4A0B22214AD05E00E35159 /* GLTFAnimationChannelTarget.swift */; };
		EC4A0B4C214AD06300E35159 /* GLTFSceneSource.swift in Sources */ = {isa = PBXBuildFile; fileRef = EC4A0B23214AD05E00E35159 /* GLTFSceneSource.swift */; };
		EC4A0B4D214AD06300E35159 /* GLTFAccessorSparseValues.swift in Sources */ = {isa = PBXBuildFile; fileRef = EC4A0B24214AD05E00E35159 /* GLTFAccessorSparseValues.swift */; };
		EC4A0B4E214AD06300E35159 /* GLTFGlTF.swift in Sources */ = {isa = PBXBuildFile; fileRef = EC4A0B25214AD05F00E35159 /* GLTFGlTF.swift */; };
		EC4A0B4F214AD06300E35159 /* GLTFBufferView.swift in Sources */ = {isa = PBXBuildFile; fileRef = EC4A0B26214AD05F00E35159 /* GLTFBufferView.swift */; };
		EC4A0B50214AD06300E35159 /* GLTFKHRMaterialsCommon_GLTFKHRMaterialsCommon.swift in Sources */ = {isa = PBXBuildFile; fileRef = EC4A0B27214AD05F00E35159 /* GLTFKHRMaterialsCommon_GLTFKHRMaterialsCommon.swift */; };
		EC4A0B51214AD06300E35159 /* GLTFSampler.swift in Sources */ = {isa = PBXBuildFile; fileRef = EC4A0B28214AD05F00E35159 /* GLTFSampler.swift */; };
		EC4A0B52214AD06300E35159 /* GLTFSkin.swift in Sources */ = {isa = PBXBuildFile; fileRef = EC4A0B29214AD05F00E35159 /* GLTFSkin.swift */; };
		EC4A0B53214AD06300E35159 /* GLTFTextureInfo.swift in Sources */ = {isa = PBXBuildFile; fileRef = EC4A0B2A214AD06000E35159 /* GLTFTextureInfo.swift */; };
		EC4A0B54214AD06300E35159 /* GLTFFunctions.swift in Sources */ = {isa = PBXBuildFile; fileRef = EC4A0B2B214AD06000E35159 /* GLTFFunctions.swift */; };
		EC4A0B55214AD06300E35159 /* GLTFCameraPerspective.swift in Sources */ = {isa = PBXBuildFile; fileRef = EC4A0B2C214AD06000E35159 /* GLTFCameraPerspective.swift */; };
		EC4A0B56214AD06300E35159 /* GLTFMaterialOcclusionTextureInfo.swift in Sources */ = {isa = PBXBuildFile; fileRef = EC4A0B2D214AD06000E35159 /* GLTFMaterialOcclusionTextureInfo.swift */; };
		EC4A0B57214AD06300E35159 /* GLTFAccessorSparseIndices.swift in Sources */ = {isa = PBXBuildFile; fileRef = EC4A0B2E214AD06100E35159 /* GLTFAccessorSparseIndices.swift */; };
		EC4A0B58214AD06300E35159 /* GLTFScene.swift in Sources */ = {isa = PBXBuildFile; fileRef = EC4A0B2F214AD06100E35159 /* GLTFScene.swift */; };
		EC4A0B59214AD06300E35159 /* ExtensionList.swift in Sources */ = {isa = PBXBuildFile; fileRef = EC4A0B30214AD06100E35159 /* ExtensionList.swift */; };
		EC4A0B5A214AD06300E35159 /* GLTFGlTFid.swift in Sources */ = {isa = PBXBuildFile; fileRef = EC4A0B31214AD06100E35159 /* GLTFGlTFid.swift */; };
		EC4A0B5B214AD06300E35159 /* GLTFMeshPrimitive.swift in Sources */ = {isa = PBXBuildFile; fileRef = EC4A0B32214AD06100E35159 /* GLTFMeshPrimitive.swift */; };
		EC4A0B5C214AD06300E35159 /* GLTFExtras.swift in Sources */ = {isa = PBXBuildFile; fileRef = EC4A0B33214AD06200E35159 /* GLTFExtras.swift */; };
		EC4A0B5D214AD06300E35159 /* GLTFMaterial.swift in Sources */ = {isa = PBXBuildFile; fileRef = EC4A0B34214AD06200E35159 /* GLTFMaterial.swift */; };
		EC4A0B5E214AD06300E35159 /* GLTFGlTFProperty.swift in Sources */ = {isa = PBXBuildFile; fileRef = EC4A0B35214AD06200E35159 /* GLTFGlTFProperty.swift */; };
		EC4A0B5F214AD06300E35159 /* GLTFAnimation.swift in Sources */ = {isa = PBXBuildFile; fileRef = EC4A0B36214AD06200E35159 /* GLTFAnimation.swift */; };
		EC4A0B60214AD06300E35159 /* GLTFBuffer.swift in Sources */ = {isa = PBXBuildFile; fileRef = EC4A0B37214AD06300E35159 /* GLTFBuffer.swift */; };
		EC4A0B61214AD06300E35159 /* GLTFAsset.swift in Sources */ = {isa = PBXBuildFile; fileRef = EC4A0B38214AD06300E35159 /* GLTFAsset.swift */; };
		EC4A0B62214AD06300E35159 /* GLTFMaterialNormalTextureInfo.swift in Sources */ = {isa = PBXBuildFile; fileRef = EC4A0B39214AD06300E35159 /* GLTFMaterialNormalTextureInfo.swift */; };
		EC4A0B63214AD06300E35159 /* GLTFExtension.swift in Sources */ = {isa = PBXBuildFile; fileRef = EC4A0B3A214AD06300E35159 /* GLTFExtension.swift */; };
		EC8A7F6E20D04A0E00ABEEAA /* main.swift in Sources */ = {isa = PBXBuildFile; fileRef = EC8A7F6D20D04A0E00ABEEAA /* main.swift */; };
		EC8A801C20D443FB00ABEEAA /* gltf2scn_GLTFSceneKitShaders.swift in Sources */ = {isa = PBXBuildFile; fileRef = EC8A801B20D443FB00ABEEAA /* gltf2scn_GLTFSceneKitShaders.swift */; };
		ECBC41F9216D0DE400684009 /* Group.swift in Sources */ = {isa = PBXBuildFile; fileRef = ECBC41F0216D0DE300684009 /* Group.swift */; };
		ECBC41FA216D0DE400684009 /* CommandType.swift in Sources */ = {isa = PBXBuildFile; fileRef = ECBC41F1216D0DE300684009 /* CommandType.swift */; };
		ECBC41FB216D0DE400684009 /* Error.swift in Sources */ = {isa = PBXBuildFile; fileRef = ECBC41F2216D0DE300684009 /* Error.swift */; };
		ECBC41FC216D0DE400684009 /* ArgumentDescription.swift in Sources */ = {isa = PBXBuildFile; fileRef = ECBC41F3216D0DE300684009 /* ArgumentDescription.swift */; };
		ECBC41FD216D0DE400684009 /* Commands.swift in Sources */ = {isa = PBXBuildFile; fileRef = ECBC41F4216D0DE300684009 /* Commands.swift */; };
		ECBC41FE216D0DE400684009 /* CommandRunner.swift in Sources */ = {isa = PBXBuildFile; fileRef = ECBC41F5216D0DE300684009 /* CommandRunner.swift */; };
		ECBC41FF216D0DE400684009 /* ArgumentConvertible.swift in Sources */ = {isa = PBXBuildFile; fileRef = ECBC41F6216D0DE300684009 /* ArgumentConvertible.swift */; };
		ECBC4200216D0DE400684009 /* Command.swift in Sources */ = {isa = PBXBuildFile; fileRef = ECBC41F7216D0DE300684009 /* Command.swift */; };
		ECBC4201216D0DE400684009 /* ArgumentParser.swift in Sources */ = {isa = PBXBuildFile; fileRef = ECBC41F8216D0DE300684009 /* ArgumentParser.swift */; };
/* End PBXBuildFile section */

/* Begin PBXCopyFilesBuildPhase section */
		EC8A7F6820D04A0E00ABEEAA /* CopyFiles */ = {
			isa = PBXCopyFilesBuildPhase;
			buildActionMask = 2147483647;
			dstPath = /usr/share/man/man1/;
			dstSubfolderSpec = 0;
			files = (
			);
			runOnlyForDeploymentPostprocessing = 1;
		};
/* End PBXCopyFilesBuildPhase section */

/* Begin PBXFileReference section */
		EC4A0B12214AD05A00E35159 /* GLTFAnimationChannel.swift */ = {isa = PBXFileReference; fileEncoding = 4; lastKnownFileType = sourcecode.swift; name = GLTFAnimationChannel.swift; path = GLTFSceneKit/GLTFAnimationChannel.swift; sourceTree = "<group>"; };
		EC4A0B13214AD05B00E35159 /* GLTFAnimationSampler.swift */ = {isa = PBXFileReference; fileEncoding = 4; lastKnownFileType = sourcecode.swift; name = GLTFAnimationSampler.swift; path = GLTFSceneKit/GLTFAnimationSampler.swift; sourceTree = "<group>"; };
		EC4A0B14214AD05B00E35159 /* GLTFImage.swift */ = {isa = PBXFileReference; fileEncoding = 4; lastKnownFileType = sourcecode.swift; name = GLTFImage.swift; path = GLTFSceneKit/GLTFImage.swift; sourceTree = "<group>"; };
		EC4A0B15214AD05B00E35159 /* GLTFCameraOrthographic.swift */ = {isa = PBXFileReference; fileEncoding = 4; lastKnownFileType = sourcecode.swift; name = GLTFCameraOrthographic.swift; path = GLTFSceneKit/GLTFCameraOrthographic.swift; sourceTree = "<group>"; };
		EC4A0B16214AD05B00E35159 /* GLTFGlTFChildOfRootProperty.swift */ = {isa = PBXFileReference; fileEncoding = 4; lastKnownFileType = sourcecode.swift; name = GLTFGlTFChildOfRootProperty.swift; path = GLTFSceneKit/GLTFGlTFChildOfRootProperty.swift; sourceTree = "<group>"; };
		EC4A0B17214AD05B00E35159 /* GLTFKHRMaterialsPbrSpecularGlossiness_GLTFKHRMaterialsPbrSpecularGlossiness.swift */ = {isa = PBXFileReference; fileEncoding = 4; lastKnownFileType = sourcecode.swift; name = GLTFKHRMaterialsPbrSpecularGlossiness_GLTFKHRMaterialsPbrSpecularGlossiness.swift; path = GLTFSceneKit/GLTFKHRMaterialsPbrSpecularGlossiness_GLTFKHRMaterialsPbrSpecularGlossiness.swift; sourceTree = "<group>"; };
		EC4A0B18214AD05C00E35159 /* GLTFUnarchiver.swift */ = {isa = PBXFileReference; fileEncoding = 4; lastKnownFileType = sourcecode.swift; name = GLTFUnarchiver.swift; path = GLTFSceneKit/GLTFUnarchiver.swift; sourceTree = "<group>"; };
		EC4A0B19214AD05C00E35159 /* GLTFMaterialPbrMetallicRoughness.swift */ = {isa = PBXFileReference; fileEncoding = 4; lastKnownFileType = sourcecode.swift; name = GLTFMaterialPbrMetallicRoughness.swift; path = GLTFSceneKit/GLTFMaterialPbrMetallicRoughness.swift; sourceTree = "<group>"; };
		EC4A0B1A214AD05C00E35159 /* GLTFNode.swift */ = {isa = PBXFileReference; fileEncoding = 4; lastKnownFileType = sourcecode.swift; name = GLTFNode.swift; path = GLTFSceneKit/GLTFNode.swift; sourceTree = "<group>"; };
		EC4A0B1B214AD05C00E35159 /* GLTFAccessorSparse.swift */ = {isa = PBXFileReference; fileEncoding = 4; lastKnownFileType = sourcecode.swift; name = GLTFAccessorSparse.swift; path = GLTFSceneKit/GLTFAccessorSparse.swift; sourceTree = "<group>"; };
		EC4A0B1C214AD05D00E35159 /* GLTFErrors.swift */ = {isa = PBXFileReference; fileEncoding = 4; lastKnownFileType = sourcecode.swift; name = GLTFErrors.swift; path = GLTFSceneKit/GLTFErrors.swift; sourceTree = "<group>"; };
		EC4A0B1D214AD05D00E35159 /* GLTFAccessor.swift */ = {isa = PBXFileReference; fileEncoding = 4; lastKnownFileType = sourcecode.swift; name = GLTFAccessor.swift; path = GLTFSceneKit/GLTFAccessor.swift; sourceTree = "<group>"; };
		EC4A0B1E214AD05D00E35159 /* GLTFTexture.swift */ = {isa = PBXFileReference; fileEncoding = 4; lastKnownFileType = sourcecode.swift; name = GLTFTexture.swift; path = GLTFSceneKit/GLTFTexture.swift; sourceTree = "<group>"; };
		EC4A0B1F214AD05D00E35159 /* GLTFMesh.swift */ = {isa = PBXFileReference; fileEncoding = 4; lastKnownFileType = sourcecode.swift; name = GLTFMesh.swift; path = GLTFSceneKit/GLTFMesh.swift; sourceTree = "<group>"; };
		EC4A0B20214AD05D00E35159 /* GLTFCamera.swift */ = {isa = PBXFileReference; fileEncoding = 4; lastKnownFileType = sourcecode.swift; name = GLTFCamera.swift; path = GLTFSceneKit/GLTFCamera.swift; sourceTree = "<group>"; };
		EC4A0B21214AD05E00E35159 /* GLTFTypes.swift */ = {isa = PBXFileReference; fileEncoding = 4; lastKnownFileType = sourcecode.swift; name = GLTFTypes.swift; path = GLTFSceneKit/GLTFTypes.swift; sourceTree = "<group>"; };
		EC4A0B22214AD05E00E35159 /* GLTFAnimationChannelTarget.swift */ = {isa = PBXFileReference; fileEncoding = 4; lastKnownFileType = sourcecode.swift; name = GLTFAnimationChannelTarget.swift; path = GLTFSceneKit/GLTFAnimationChannelTarget.swift; sourceTree = "<group>"; };
		EC4A0B23214AD05E00E35159 /* GLTFSceneSource.swift */ = {isa = PBXFileReference; fileEncoding = 4; lastKnownFileType = sourcecode.swift; name = GLTFSceneSource.swift; path = GLTFSceneKit/GLTFSceneSource.swift; sourceTree = "<group>"; };
		EC4A0B24214AD05E00E35159 /* GLTFAccessorSparseValues.swift */ = {isa = PBXFileReference; fileEncoding = 4; lastKnownFileType = sourcecode.swift; name = GLTFAccessorSparseValues.swift; path = GLTFSceneKit/GLTFAccessorSparseValues.swift; sourceTree = "<group>"; };
		EC4A0B25214AD05F00E35159 /* GLTFGlTF.swift */ = {isa = PBXFileReference; fileEncoding = 4; lastKnownFileType = sourcecode.swift; name = GLTFGlTF.swift; path = GLTFSceneKit/GLTFGlTF.swift; sourceTree = "<group>"; };
		EC4A0B26214AD05F00E35159 /* GLTFBufferView.swift */ = {isa = PBXFileReference; fileEncoding = 4; lastKnownFileType = sourcecode.swift; name = GLTFBufferView.swift; path = GLTFSceneKit/GLTFBufferView.swift; sourceTree = "<group>"; };
		EC4A0B27214AD05F00E35159 /* GLTFKHRMaterialsCommon_GLTFKHRMaterialsCommon.swift */ = {isa = PBXFileReference; fileEncoding = 4; lastKnownFileType = sourcecode.swift; name = GLTFKHRMaterialsCommon_GLTFKHRMaterialsCommon.swift; path = GLTFSceneKit/GLTFKHRMaterialsCommon_GLTFKHRMaterialsCommon.swift; sourceTree = "<group>"; };
		EC4A0B28214AD05F00E35159 /* GLTFSampler.swift */ = {isa = PBXFileReference; fileEncoding = 4; lastKnownFileType = sourcecode.swift; name = GLTFSampler.swift; path = GLTFSceneKit/GLTFSampler.swift; sourceTree = "<group>"; };
		EC4A0B29214AD05F00E35159 /* GLTFSkin.swift */ = {isa = PBXFileReference; fileEncoding = 4; lastKnownFileType = sourcecode.swift; name = GLTFSkin.swift; path = GLTFSceneKit/GLTFSkin.swift; sourceTree = "<group>"; };
		EC4A0B2A214AD06000E35159 /* GLTFTextureInfo.swift */ = {isa = PBXFileReference; fileEncoding = 4; lastKnownFileType = sourcecode.swift; name = GLTFTextureInfo.swift; path = GLTFSceneKit/GLTFTextureInfo.swift; sourceTree = "<group>"; };
		EC4A0B2B214AD06000E35159 /* GLTFFunctions.swift */ = {isa = PBXFileReference; fileEncoding = 4; lastKnownFileType = sourcecode.swift; name = GLTFFunctions.swift; path = GLTFSceneKit/GLTFFunctions.swift; sourceTree = "<group>"; };
		EC4A0B2C214AD06000E35159 /* GLTFCameraPerspective.swift */ = {isa = PBXFileReference; fileEncoding = 4; lastKnownFileType = sourcecode.swift; name = GLTFCameraPerspective.swift; path = GLTFSceneKit/GLTFCameraPerspective.swift; sourceTree = "<group>"; };
		EC4A0B2D214AD06000E35159 /* GLTFMaterialOcclusionTextureInfo.swift */ = {isa = PBXFileReference; fileEncoding = 4; lastKnownFileType = sourcecode.swift; name = GLTFMaterialOcclusionTextureInfo.swift; path = GLTFSceneKit/GLTFMaterialOcclusionTextureInfo.swift; sourceTree = "<group>"; };
		EC4A0B2E214AD06100E35159 /* GLTFAccessorSparseIndices.swift */ = {isa = PBXFileReference; fileEncoding = 4; lastKnownFileType = sourcecode.swift; name = GLTFAccessorSparseIndices.swift; path = GLTFSceneKit/GLTFAccessorSparseIndices.swift; sourceTree = "<group>"; };
		EC4A0B2F214AD06100E35159 /* GLTFScene.swift */ = {isa = PBXFileReference; fileEncoding = 4; lastKnownFileType = sourcecode.swift; name = GLTFScene.swift; path = GLTFSceneKit/GLTFScene.swift; sourceTree = "<group>"; };
		EC4A0B30214AD06100E35159 /* ExtensionList.swift */ = {isa = PBXFileReference; fileEncoding = 4; lastKnownFileType = sourcecode.swift; name = ExtensionList.swift; path = GLTFSceneKit/ExtensionList.swift; sourceTree = "<group>"; };
		EC4A0B31214AD06100E35159 /* GLTFGlTFid.swift */ = {isa = PBXFileReference; fileEncoding = 4; lastKnownFileType = sourcecode.swift; name = GLTFGlTFid.swift; path = GLTFSceneKit/GLTFGlTFid.swift; sourceTree = "<group>"; };
		EC4A0B32214AD06100E35159 /* GLTFMeshPrimitive.swift */ = {isa = PBXFileReference; fileEncoding = 4; lastKnownFileType = sourcecode.swift; name = GLTFMeshPrimitive.swift; path = GLTFSceneKit/GLTFMeshPrimitive.swift; sourceTree = "<group>"; };
		EC4A0B33214AD06200E35159 /* GLTFExtras.swift */ = {isa = PBXFileReference; fileEncoding = 4; lastKnownFileType = sourcecode.swift; name = GLTFExtras.swift; path = GLTFSceneKit/GLTFExtras.swift; sourceTree = "<group>"; };
		EC4A0B34214AD06200E35159 /* GLTFMaterial.swift */ = {isa = PBXFileReference; fileEncoding = 4; lastKnownFileType = sourcecode.swift; name = GLTFMaterial.swift; path = GLTFSceneKit/GLTFMaterial.swift; sourceTree = "<group>"; };
		EC4A0B35214AD06200E35159 /* GLTFGlTFProperty.swift */ = {isa = PBXFileReference; fileEncoding = 4; lastKnownFileType = sourcecode.swift; name = GLTFGlTFProperty.swift; path = GLTFSceneKit/GLTFGlTFProperty.swift; sourceTree = "<group>"; };
		EC4A0B36214AD06200E35159 /* GLTFAnimation.swift */ = {isa = PBXFileReference; fileEncoding = 4; lastKnownFileType = sourcecode.swift; name = GLTFAnimation.swift; path = GLTFSceneKit/GLTFAnimation.swift; sourceTree = "<group>"; };
		EC4A0B37214AD06300E35159 /* GLTFBuffer.swift */ = {isa = PBXFileReference; fileEncoding = 4; lastKnownFileType = sourcecode.swift; name = GLTFBuffer.swift; path = GLTFSceneKit/GLTFBuffer.swift; sourceTree = "<group>"; };
		EC4A0B38214AD06300E35159 /* GLTFAsset.swift */ = {isa = PBXFileReference; fileEncoding = 4; lastKnownFileType = sourcecode.swift; name = GLTFAsset.swift; path = GLTFSceneKit/GLTFAsset.swift; sourceTree = "<group>"; };
		EC4A0B39214AD06300E35159 /* GLTFMaterialNormalTextureInfo.swift */ = {isa = PBXFileReference; fileEncoding = 4; lastKnownFileType = sourcecode.swift; name = GLTFMaterialNormalTextureInfo.swift; path = GLTFSceneKit/GLTFMaterialNormalTextureInfo.swift; sourceTree = "<group>"; };
		EC4A0B3A214AD06300E35159 /* GLTFExtension.swift */ = {isa = PBXFileReference; fileEncoding = 4; lastKnownFileType = sourcecode.swift; name = GLTFExtension.swift; path = GLTFSceneKit/GLTFExtension.swift; sourceTree = "<group>"; };
		EC8A7F6A20D04A0E00ABEEAA /* gltf2scn */ = {isa = PBXFileReference; explicitFileType = "compiled.mach-o.executable"; includeInIndex = 0; path = gltf2scn; sourceTree = BUILT_PRODUCTS_DIR; };
		EC8A7F6D20D04A0E00ABEEAA /* main.swift */ = {isa = PBXFileReference; lastKnownFileType = sourcecode.swift; path = main.swift; sourceTree = "<group>"; };
		EC8A801B20D443FB00ABEEAA /* gltf2scn_GLTFSceneKitShaders.swift */ = {isa = PBXFileReference; fileEncoding = 4; lastKnownFileType = sourcecode.swift; path = gltf2scn_GLTFSceneKitShaders.swift; sourceTree = "<group>"; };
		ECBC41F0216D0DE300684009 /* Group.swift */ = {isa = PBXFileReference; fileEncoding = 4; lastKnownFileType = sourcecode.swift; path = Group.swift; sourceTree = "<group>"; };
		ECBC41F1216D0DE300684009 /* CommandType.swift */ = {isa = PBXFileReference; fileEncoding = 4; lastKnownFileType = sourcecode.swift; path = CommandType.swift; sourceTree = "<group>"; };
		ECBC41F2216D0DE300684009 /* Error.swift */ = {isa = PBXFileReference; fileEncoding = 4; lastKnownFileType = sourcecode.swift; path = Error.swift; sourceTree = "<group>"; };
		ECBC41F3216D0DE300684009 /* ArgumentDescription.swift */ = {isa = PBXFileReference; fileEncoding = 4; lastKnownFileType = sourcecode.swift; path = ArgumentDescription.swift; sourceTree = "<group>"; };
		ECBC41F4216D0DE300684009 /* Commands.swift */ = {isa = PBXFileReference; fileEncoding = 4; lastKnownFileType = sourcecode.swift; path = Commands.swift; sourceTree = "<group>"; };
		ECBC41F5216D0DE300684009 /* CommandRunner.swift */ = {isa = PBXFileReference; fileEncoding = 4; lastKnownFileType = sourcecode.swift; path = CommandRunner.swift; sourceTree = "<group>"; };
		ECBC41F6216D0DE300684009 /* ArgumentConvertible.swift */ = {isa = PBXFileReference; fileEncoding = 4; lastKnownFileType = sourcecode.swift; path = ArgumentConvertible.swift; sourceTree = "<group>"; };
		ECBC41F7216D0DE300684009 /* Command.swift */ = {isa = PBXFileReference; fileEncoding = 4; lastKnownFileType = sourcecode.swift; path = Command.swift; sourceTree = "<group>"; };
		ECBC41F8216D0DE300684009 /* ArgumentParser.swift */ = {isa = PBXFileReference; fileEncoding = 4; lastKnownFileType = sourcecode.swift; path = ArgumentParser.swift; sourceTree = "<group>"; };
/* End PBXFileReference section */

/* Begin PBXFrameworksBuildPhase section */
		EC8A7F6720D04A0E00ABEEAA /* Frameworks */ = {
			isa = PBXFrameworksBuildPhase;
			buildActionMask = 2147483647;
			files = (
			);
			runOnlyForDeploymentPostprocessing = 0;
		};
/* End PBXFrameworksBuildPhase section */

/* Begin PBXGroup section */
		EC8A7F6120D04A0E00ABEEAA = {
			isa = PBXGroup;
			children = (
				ECBC41EC216D0CD800684009 /* Lib */,
				EC4A0B30214AD06100E35159 /* ExtensionList.swift */,
				EC4A0B1D214AD05D00E35159 /* GLTFAccessor.swift */,
				EC4A0B1B214AD05C00E35159 /* GLTFAccessorSparse.swift */,
				EC4A0B2E214AD06100E35159 /* GLTFAccessorSparseIndices.swift */,
				EC4A0B24214AD05E00E35159 /* GLTFAccessorSparseValues.swift */,
				EC4A0B36214AD06200E35159 /* GLTFAnimation.swift */,
				EC4A0B12214AD05A00E35159 /* GLTFAnimationChannel.swift */,
				EC4A0B22214AD05E00E35159 /* GLTFAnimationChannelTarget.swift */,
				EC4A0B13214AD05B00E35159 /* GLTFAnimationSampler.swift */,
				EC4A0B38214AD06300E35159 /* GLTFAsset.swift */,
				EC4A0B37214AD06300E35159 /* GLTFBuffer.swift */,
				EC4A0B26214AD05F00E35159 /* GLTFBufferView.swift */,
				EC4A0B20214AD05D00E35159 /* GLTFCamera.swift */,
				EC4A0B15214AD05B00E35159 /* GLTFCameraOrthographic.swift */,
				EC4A0B2C214AD06000E35159 /* GLTFCameraPerspective.swift */,
				EC4A0B1C214AD05D00E35159 /* GLTFErrors.swift */,
				EC4A0B3A214AD06300E35159 /* GLTFExtension.swift */,
				EC4A0B33214AD06200E35159 /* GLTFExtras.swift */,
				EC4A0B2B214AD06000E35159 /* GLTFFunctions.swift */,
				EC4A0B25214AD05F00E35159 /* GLTFGlTF.swift */,
				EC4A0B16214AD05B00E35159 /* GLTFGlTFChildOfRootProperty.swift */,
				EC4A0B31214AD06100E35159 /* GLTFGlTFid.swift */,
				EC4A0B35214AD06200E35159 /* GLTFGlTFProperty.swift */,
				EC4A0B14214AD05B00E35159 /* GLTFImage.swift */,
				EC4A0B27214AD05F00E35159 /* GLTFKHRMaterialsCommon_GLTFKHRMaterialsCommon.swift */,
				EC4A0B17214AD05B00E35159 /* GLTFKHRMaterialsPbrSpecularGlossiness_GLTFKHRMaterialsPbrSpecularGlossiness.swift */,
				EC4A0B34214AD06200E35159 /* GLTFMaterial.swift */,
				EC4A0B39214AD06300E35159 /* GLTFMaterialNormalTextureInfo.swift */,
				EC4A0B2D214AD06000E35159 /* GLTFMaterialOcclusionTextureInfo.swift */,
				EC4A0B19214AD05C00E35159 /* GLTFMaterialPbrMetallicRoughness.swift */,
				EC4A0B1F214AD05D00E35159 /* GLTFMesh.swift */,
				EC4A0B32214AD06100E35159 /* GLTFMeshPrimitive.swift */,
				EC4A0B1A214AD05C00E35159 /* GLTFNode.swift */,
				EC4A0B28214AD05F00E35159 /* GLTFSampler.swift */,
				EC4A0B2F214AD06100E35159 /* GLTFScene.swift */,
				EC4A0B23214AD05E00E35159 /* GLTFSceneSource.swift */,
				EC4A0B29214AD05F00E35159 /* GLTFSkin.swift */,
				EC4A0B1E214AD05D00E35159 /* GLTFTexture.swift */,
				EC4A0B2A214AD06000E35159 /* GLTFTextureInfo.swift */,
				EC4A0B21214AD05E00E35159 /* GLTFTypes.swift */,
				EC4A0B18214AD05C00E35159 /* GLTFUnarchiver.swift */,
				EC8A7F6C20D04A0E00ABEEAA /* gltf2scn */,
				EC8A7F6B20D04A0E00ABEEAA /* Products */,
			);
			sourceTree = "<group>";
		};
		EC8A7F6B20D04A0E00ABEEAA /* Products */ = {
			isa = PBXGroup;
			children = (
				EC8A7F6A20D04A0E00ABEEAA /* gltf2scn */,
			);
			name = Products;
			sourceTree = "<group>";
		};
		EC8A7F6C20D04A0E00ABEEAA /* gltf2scn */ = {
			isa = PBXGroup;
			children = (
				EC8A801B20D443FB00ABEEAA /* gltf2scn_GLTFSceneKitShaders.swift */,
				EC8A7F6D20D04A0E00ABEEAA /* main.swift */,
			);
			path = gltf2scn;
			sourceTree = "<group>";
		};
		ECBC41EC216D0CD800684009 /* Lib */ = {
			isa = PBXGroup;
			children = (
				ECBC41EF216D0DD100684009 /* Commander */,
			);
			path = Lib;
			sourceTree = "<group>";
		};
		ECBC41EF216D0DD100684009 /* Commander */ = {
			isa = PBXGroup;
			children = (
				ECBC41F6216D0DE300684009 /* ArgumentConvertible.swift */,
				ECBC41F3216D0DE300684009 /* ArgumentDescription.swift */,
				ECBC41F8216D0DE300684009 /* ArgumentParser.swift */,
				ECBC41F7216D0DE300684009 /* Command.swift */,
				ECBC41F5216D0DE300684009 /* CommandRunner.swift */,
				ECBC41F4216D0DE300684009 /* Commands.swift */,
				ECBC41F1216D0DE300684009 /* CommandType.swift */,
				ECBC41F2216D0DE300684009 /* Error.swift */,
				ECBC41F0216D0DE300684009 /* Group.swift */,
			);
			path = Commander;
			sourceTree = "<group>";
		};
/* End PBXGroup section */

/* Begin PBXNativeTarget section */
		EC8A7F6920D04A0E00ABEEAA /* gltf2scn */ = {
			isa = PBXNativeTarget;
			buildConfigurationList = EC8A7F7120D04A0E00ABEEAA /* Build configuration list for PBXNativeTarget "gltf2scn" */;
			buildPhases = (
				EC8A7F6620D04A0E00ABEEAA /* Sources */,
				EC8A7F6720D04A0E00ABEEAA /* Frameworks */,
				EC8A7F6820D04A0E00ABEEAA /* CopyFiles */,
				EC99B3F7215458E60044F8E6 /* Create Release Archive */,
			);
			buildRules = (
			);
			dependencies = (
			);
			name = gltf2scn;
			productName = gltf2scn;
			productReference = EC8A7F6A20D04A0E00ABEEAA /* gltf2scn */;
			productType = "com.apple.product-type.tool";
		};
/* End PBXNativeTarget section */

/* Begin PBXProject section */
		EC8A7F6220D04A0E00ABEEAA /* Project object */ = {
			isa = PBXProject;
			attributes = {
				LastSwiftUpdateCheck = 0930;
				LastUpgradeCheck = 0930;
				ORGANIZATIONNAME = "The New York Times";
				TargetAttributes = {
					EC8A7F6920D04A0E00ABEEAA = {
						CreatedOnToolsVersion = 9.3;
					};
				};
			};
			buildConfigurationList = EC8A7F6520D04A0E00ABEEAA /* Build configuration list for PBXProject "gltf2scn" */;
			compatibilityVersion = "Xcode 9.3";
			developmentRegion = en;
			hasScannedForEncodings = 0;
			knownRegions = (
				en,
			);
			mainGroup = EC8A7F6120D04A0E00ABEEAA;
			productRefGroup = EC8A7F6B20D04A0E00ABEEAA /* Products */;
			projectDirPath = "";
			projectRoot = "";
			targets = (
				EC8A7F6920D04A0E00ABEEAA /* gltf2scn */,
			);
		};
/* End PBXProject section */

/* Begin PBXShellScriptBuildPhase section */
		EC99B3F7215458E60044F8E6 /* Create Release Archive */ = {
			isa = PBXShellScriptBuildPhase;
			buildActionMask = 2147483647;
			files = (
			);
			inputFileListPaths = (
			);
			inputPaths = (
			);
			name = "Create Release Archive";
			outputFileListPaths = (
			);
			outputPaths = (
			);
			runOnlyForDeploymentPostprocessing = 0;
			shellPath = /bin/sh;
			shellScript = "#tar -zcvf tar-archive-name.tar.gz source-folder-name\nenv\nmkdir -p $PROJECT_DIR/release\ntar -C $BUILT_PRODUCTS_DIR -zcvf $PROJECT_DIR/release/gltf2scn.tar.gz gltf2scn\n";
		};
/* End PBXShellScriptBuildPhase section */

/* Begin PBXSourcesBuildPhase section */
		EC8A7F6620D04A0E00ABEEAA /* Sources */ = {
			isa = PBXSourcesBuildPhase;
			buildActionMask = 2147483647;
			files = (
				EC8A7F6E20D04A0E00ABEEAA /* main.swift in Sources */,
				EC4A0B44214AD06300E35159 /* GLTFAccessorSparse.swift in Sources */,
				ECBC41FB216D0DE400684009 /* Error.swift in Sources */,
				EC4A0B60214AD06300E35159 /* GLTFBuffer.swift in Sources */,
				EC4A0B5E214AD06300E35159 /* GLTFGlTFProperty.swift in Sources */,
				EC4A0B4F214AD06300E35159 /* GLTFBufferView.swift in Sources */,
				EC4A0B47214AD06300E35159 /* GLTFTexture.swift in Sources */,
				EC4A0B4E214AD06300E35159 /* GLTFGlTF.swift in Sources */,
				EC4A0B58214AD06300E35159 /* GLTFScene.swift in Sources */,
				ECBC41FC216D0DE400684009 /* ArgumentDescription.swift in Sources */,
				EC4A0B49214AD06300E35159 /* GLTFCamera.swift in Sources */,
				EC4A0B48214AD06300E35159 /* GLTFMesh.swift in Sources */,
				EC4A0B63214AD06300E35159 /* GLTFExtension.swift in Sources */,
				ECBC41F9216D0DE400684009 /* Group.swift in Sources */,
				EC4A0B50214AD06300E35159 /* GLTFKHRMaterialsCommon_GLTFKHRMaterialsCommon.swift in Sources */,
				EC4A0B41214AD06300E35159 /* GLTFUnarchiver.swift in Sources */,
				EC4A0B52214AD06300E35159 /* GLTFSkin.swift in Sources */,
				ECBC4200216D0DE400684009 /* Command.swift in Sources */,
				EC4A0B46214AD06300E35159 /* GLTFAccessor.swift in Sources */,
				EC4A0B3D214AD06300E35159 /* GLTFImage.swift in Sources */,
				EC4A0B54214AD06300E35159 /* GLTFFunctions.swift in Sources */,
				EC4A0B56214AD06300E35159 /* GLTFMaterialOcclusionTextureInfo.swift in Sources */,
				EC4A0B4A214AD06300E35159 /* GLTFTypes.swift in Sources */,
				EC4A0B5A214AD06300E35159 /* GLTFGlTFid.swift in Sources */,
				EC4A0B45214AD06300E35159 /* GLTFErrors.swift in Sources */,
				EC4A0B53214AD06300E35159 /* GLTFTextureInfo.swift in Sources */,
				EC8A801C20D443FB00ABEEAA /* gltf2scn_GLTFSceneKitShaders.swift in Sources */,
				EC4A0B3F214AD06300E35159 /* GLTFGlTFChildOfRootProperty.swift in Sources */,
				EC4A0B61214AD06300E35159 /* GLTFAsset.swift in Sources */,
				EC4A0B4B214AD06300E35159 /* GLTFAnimationChannelTarget.swift in Sources */,
				EC4A0B5D214AD06300E35159 /* GLTFMaterial.swift in Sources */,
				EC4A0B62214AD06300E35159 /* GLTFMaterialNormalTextureInfo.swift in Sources */,
				EC4A0B57214AD06300E35159 /* GLTFAccessorSparseIndices.swift in Sources */,
				EC4A0B3C214AD06300E35159 /* GLTFAnimationSampler.swift in Sources */,
				EC4A0B42214AD06300E35159 /* GLTFMaterialPbrMetallicRoughness.swift in Sources */,
				ECBC4201216D0DE400684009 /* ArgumentParser.swift in Sources */,
				EC4A0B40214AD06300E35159 /* GLTFKHRMaterialsPbrSpecularGlossiness_GLTFKHRMaterialsPbrSpecularGlossiness.swift in Sources */,
				ECBC41FA216D0DE400684009 /* CommandType.swift in Sources */,
				EC4A0B4D214AD06300E35159 /* GLTFAccessorSparseValues.swift in Sources */,
				EC4A0B4C214AD06300E35159 /* GLTFSceneSource.swift in Sources */,
				EC4A0B3B214AD06300E35159 /* GLTFAnimationChannel.swift in Sources */,
				EC4A0B59214AD06300E35159 /* ExtensionList.swift in Sources */,
				EC4A0B5B214AD06300E35159 /* GLTFMeshPrimitive.swift in Sources */,
				ECBC41FE216D0DE400684009 /* CommandRunner.swift in Sources */,
				EC4A0B55214AD06300E35159 /* GLTFCameraPerspective.swift in Sources */,
				EC4A0B3E214AD06300E35159 /* GLTFCameraOrthographic.swift in Sources */,
				ECBC41FD216D0DE400684009 /* Commands.swift in Sources */,
				EC4A0B43214AD06300E35159 /* GLTFNode.swift in Sources */,
				EC4A0B51214AD06300E35159 /* GLTFSampler.swift in Sources */,
				EC4A0B5C214AD06300E35159 /* GLTFExtras.swift in Sources */,
				ECBC41FF216D0DE400684009 /* ArgumentConvertible.swift in Sources */,
				EC4A0B5F214AD06300E35159 /* GLTFAnimation.swift in Sources */,
			);
			runOnlyForDeploymentPostprocessing = 0;
		};
/* End PBXSourcesBuildPhase section */

/* Begin XCBuildConfiguration section */
		EC8A7F6F20D04A0E00ABEEAA /* Debug */ = {
			isa = XCBuildConfiguration;
			buildSettings = {
				ALWAYS_SEARCH_USER_PATHS = NO;
				CLANG_ANALYZER_NONNULL = YES;
				CLANG_ANALYZER_NUMBER_OBJECT_CONVERSION = YES_AGGRESSIVE;
				CLANG_CXX_LANGUAGE_STANDARD = "gnu++14";
				CLANG_CXX_LIBRARY = "libc++";
				CLANG_ENABLE_MODULES = YES;
				CLANG_ENABLE_OBJC_ARC = YES;
				CLANG_ENABLE_OBJC_WEAK = YES;
				CLANG_WARN_BLOCK_CAPTURE_AUTORELEASING = YES;
				CLANG_WARN_BOOL_CONVERSION = YES;
				CLANG_WARN_COMMA = YES;
				CLANG_WARN_CONSTANT_CONVERSION = YES;
				CLANG_WARN_DEPRECATED_OBJC_IMPLEMENTATIONS = YES;
				CLANG_WARN_DIRECT_OBJC_ISA_USAGE = YES_ERROR;
				CLANG_WARN_DOCUMENTATION_COMMENTS = YES;
				CLANG_WARN_EMPTY_BODY = YES;
				CLANG_WARN_ENUM_CONVERSION = YES;
				CLANG_WARN_INFINITE_RECURSION = YES;
				CLANG_WARN_INT_CONVERSION = YES;
				CLANG_WARN_NON_LITERAL_NULL_CONVERSION = YES;
				CLANG_WARN_OBJC_IMPLICIT_RETAIN_SELF = YES;
				CLANG_WARN_OBJC_LITERAL_CONVERSION = YES;
				CLANG_WARN_OBJC_ROOT_CLASS = YES_ERROR;
				CLANG_WARN_RANGE_LOOP_ANALYSIS = YES;
				CLANG_WARN_STRICT_PROTOTYPES = YES;
				CLANG_WARN_SUSPICIOUS_MOVE = YES;
				CLANG_WARN_UNGUARDED_AVAILABILITY = YES_AGGRESSIVE;
				CLANG_WARN_UNREACHABLE_CODE = YES;
				CLANG_WARN__DUPLICATE_METHOD_MATCH = YES;
				CODE_SIGN_IDENTITY = "Mac Developer";
				COPY_PHASE_STRIP = NO;
				DEBUG_INFORMATION_FORMAT = dwarf;
				ENABLE_STRICT_OBJC_MSGSEND = YES;
				ENABLE_TESTABILITY = YES;
				GCC_C_LANGUAGE_STANDARD = gnu11;
				GCC_DYNAMIC_NO_PIC = NO;
				GCC_NO_COMMON_BLOCKS = YES;
				GCC_OPTIMIZATION_LEVEL = 0;
				GCC_PREPROCESSOR_DEFINITIONS = (
					"DEBUG=1",
					"$(inherited)",
				);
				GCC_WARN_64_TO_32_BIT_CONVERSION = YES;
				GCC_WARN_ABOUT_RETURN_TYPE = YES_ERROR;
				GCC_WARN_UNDECLARED_SELECTOR = YES;
				GCC_WARN_UNINITIALIZED_AUTOS = YES_AGGRESSIVE;
				GCC_WARN_UNUSED_FUNCTION = YES;
				GCC_WARN_UNUSED_VARIABLE = YES;
				MACOSX_DEPLOYMENT_TARGET = 10.13;
				MTL_ENABLE_DEBUG_INFO = YES;
				ONLY_ACTIVE_ARCH = YES;
				SDKROOT = macosx;
				SWIFT_ACTIVE_COMPILATION_CONDITIONS = DEBUG;
				SWIFT_OPTIMIZATION_LEVEL = "-Onone";
			};
			name = Debug;
		};
		EC8A7F7020D04A0E00ABEEAA /* Release */ = {
			isa = XCBuildConfiguration;
			buildSettings = {
				ALWAYS_SEARCH_USER_PATHS = NO;
				CLANG_ANALYZER_NONNULL = YES;
				CLANG_ANALYZER_NUMBER_OBJECT_CONVERSION = YES_AGGRESSIVE;
				CLANG_CXX_LANGUAGE_STANDARD = "gnu++14";
				CLANG_CXX_LIBRARY = "libc++";
				CLANG_ENABLE_MODULES = YES;
				CLANG_ENABLE_OBJC_ARC = YES;
				CLANG_ENABLE_OBJC_WEAK = YES;
				CLANG_WARN_BLOCK_CAPTURE_AUTORELEASING = YES;
				CLANG_WARN_BOOL_CONVERSION = YES;
				CLANG_WARN_COMMA = YES;
				CLANG_WARN_CONSTANT_CONVERSION = YES;
				CLANG_WARN_DEPRECATED_OBJC_IMPLEMENTATIONS = YES;
				CLANG_WARN_DIRECT_OBJC_ISA_USAGE = YES_ERROR;
				CLANG_WARN_DOCUMENTATION_COMMENTS = YES;
				CLANG_WARN_EMPTY_BODY = YES;
				CLANG_WARN_ENUM_CONVERSION = YES;
				CLANG_WARN_INFINITE_RECURSION = YES;
				CLANG_WARN_INT_CONVERSION = YES;
				CLANG_WARN_NON_LITERAL_NULL_CONVERSION = YES;
				CLANG_WARN_OBJC_IMPLICIT_RETAIN_SELF = YES;
				CLANG_WARN_OBJC_LITERAL_CONVERSION = YES;
				CLANG_WARN_OBJC_ROOT_CLASS = YES_ERROR;
				CLANG_WARN_RANGE_LOOP_ANALYSIS = YES;
				CLANG_WARN_STRICT_PROTOTYPES = YES;
				CLANG_WARN_SUSPICIOUS_MOVE = YES;
				CLANG_WARN_UNGUARDED_AVAILABILITY = YES_AGGRESSIVE;
				CLANG_WARN_UNREACHABLE_CODE = YES;
				CLANG_WARN__DUPLICATE_METHOD_MATCH = YES;
				CODE_SIGN_IDENTITY = "Mac Developer";
				COPY_PHASE_STRIP = NO;
				DEBUG_INFORMATION_FORMAT = "dwarf-with-dsym";
				ENABLE_NS_ASSERTIONS = NO;
				ENABLE_STRICT_OBJC_MSGSEND = YES;
				GCC_C_LANGUAGE_STANDARD = gnu11;
				GCC_NO_COMMON_BLOCKS = YES;
				GCC_WARN_64_TO_32_BIT_CONVERSION = YES;
				GCC_WARN_ABOUT_RETURN_TYPE = YES_ERROR;
				GCC_WARN_UNDECLARED_SELECTOR = YES;
				GCC_WARN_UNINITIALIZED_AUTOS = YES_AGGRESSIVE;
				GCC_WARN_UNUSED_FUNCTION = YES;
				GCC_WARN_UNUSED_VARIABLE = YES;
				MACOSX_DEPLOYMENT_TARGET = 10.13;
				MTL_ENABLE_DEBUG_INFO = NO;
				SDKROOT = macosx;
				SWIFT_COMPILATION_MODE = wholemodule;
				SWIFT_OPTIMIZATION_LEVEL = "-O";
			};
			name = Release;
		};
		EC8A7F7220D04A0E00ABEEAA /* Debug */ = {
			isa = XCBuildConfiguration;
			buildSettings = {
				ALWAYS_EMBED_SWIFT_STANDARD_LIBRARIES = NO;
				CODE_SIGN_STYLE = Automatic;
				DEVELOPMENT_TEAM = FL458598BU;
				FRAMEWORK_SEARCH_PATHS = (
					"$(inherited)",
					"$(PROJECT_DIR)/Carthage/Build/Mac",
				);
				PRODUCT_NAME = "$(TARGET_NAME)";
				SWIFT_VERSION = 4.0;
			};
			name = Debug;
		};
		EC8A7F7320D04A0E00ABEEAA /* Release */ = {
			isa = XCBuildConfiguration;
			buildSettings = {
				ALWAYS_EMBED_SWIFT_STANDARD_LIBRARIES = NO;
				CODE_SIGN_STYLE = Automatic;
				DEVELOPMENT_TEAM = FL458598BU;
				FRAMEWORK_SEARCH_PATHS = (
					"$(inherited)",
					"$(PROJECT_DIR)/Carthage/Build/Mac",
				);
				PRODUCT_NAME = "$(TARGET_NAME)";
				SWIFT_VERSION = 4.0;
			};
			name = Release;
		};
/* End XCBuildConfiguration section */

/* Begin XCConfigurationList section */
		EC8A7F6520D04A0E00ABEEAA /* Build configuration list for PBXProject "gltf2scn" */ = {
			isa = XCConfigurationList;
			buildConfigurations = (
				EC8A7F6F20D04A0E00ABEEAA /* Debug */,
				EC8A7F7020D04A0E00ABEEAA /* Release */,
			);
			defaultConfigurationIsVisible = 0;
			defaultConfigurationName = Release;
		};
		EC8A7F7120D04A0E00ABEEAA /* Build configuration list for PBXNativeTarget "gltf2scn" */ = {
			isa = XCConfigurationList;
			buildConfigurations = (
				EC8A7F7220D04A0E00ABEEAA /* Debug */,
				EC8A7F7320D04A0E00ABEEAA /* Release */,
			);
			defaultConfigurationIsVisible = 0;
			defaultConfigurationName = Release;
		};
/* End XCConfigurationList section */
	};
	rootObject = EC8A7F6220D04A0E00ABEEAA /* Project object */;
}
