// !$*UTF8*$!
{
	archiveVersion = 1;
	classes = {
	};
	objectVersion = 50;
	objects = {

/* Begin PBXBuildFile section */
		EC8A7F6E20D04A0E00ABEEAA /* main.swift in Sources */ = {isa = PBXBuildFile; fileRef = EC8A7F6D20D04A0E00ABEEAA /* main.swift */; };
		EC8A801C20D443FB00ABEEAA /* gltf2scn_GLTFSceneKitShaders.swift in Sources */ = {isa = PBXBuildFile; fileRef = EC8A801B20D443FB00ABEEAA /* gltf2scn_GLTFSceneKitShaders.swift */; };
		ECB36C3B2149B0600083790E /* GLTFAsset.swift in Sources */ = {isa = PBXBuildFile; fileRef = ECB36C122149B05D0083790E /* GLTFAsset.swift */; };
		ECB36C3C2149B0600083790E /* GLTFMaterialNormalTextureInfo.swift in Sources */ = {isa = PBXBuildFile; fileRef = ECB36C132149B05D0083790E /* GLTFMaterialNormalTextureInfo.swift */; };
		ECB36C3D2149B0600083790E /* GLTFBuffer.swift in Sources */ = {isa = PBXBuildFile; fileRef = ECB36C142149B05D0083790E /* GLTFBuffer.swift */; };
		ECB36C3E2149B0600083790E /* GLTFAccessor.swift in Sources */ = {isa = PBXBuildFile; fileRef = ECB36C152149B05D0083790E /* GLTFAccessor.swift */; };
		ECB36C3F2149B0600083790E /* GLTFCamera.swift in Sources */ = {isa = PBXBuildFile; fileRef = ECB36C162149B05D0083790E /* GLTFCamera.swift */; };
		ECB36C402149B0600083790E /* GLTFAccessorSparseIndices.swift in Sources */ = {isa = PBXBuildFile; fileRef = ECB36C172149B05D0083790E /* GLTFAccessorSparseIndices.swift */; };
		ECB36C412149B0600083790E /* GLTFExtension.swift in Sources */ = {isa = PBXBuildFile; fileRef = ECB36C182149B05D0083790E /* GLTFExtension.swift */; };
		ECB36C422149B0600083790E /* GLTFMaterialOcclusionTextureInfo.swift in Sources */ = {isa = PBXBuildFile; fileRef = ECB36C192149B05D0083790E /* GLTFMaterialOcclusionTextureInfo.swift */; };
		ECB36C432149B0600083790E /* GLTFScene.swift in Sources */ = {isa = PBXBuildFile; fileRef = ECB36C1A2149B05D0083790E /* GLTFScene.swift */; };
		ECB36C442149B0600083790E /* GLTFAnimationSampler.swift in Sources */ = {isa = PBXBuildFile; fileRef = ECB36C1B2149B05D0083790E /* GLTFAnimationSampler.swift */; };
		ECB36C452149B0600083790E /* GLTFSkin.swift in Sources */ = {isa = PBXBuildFile; fileRef = ECB36C1C2149B05D0083790E /* GLTFSkin.swift */; };
		ECB36C462149B0600083790E /* GLTFAccessorSparse.swift in Sources */ = {isa = PBXBuildFile; fileRef = ECB36C1D2149B05D0083790E /* GLTFAccessorSparse.swift */; };
		ECB36C472149B0600083790E /* GLTFAnimationChannelTarget.swift in Sources */ = {isa = PBXBuildFile; fileRef = ECB36C1E2149B05D0083790E /* GLTFAnimationChannelTarget.swift */; };
		ECB36C482149B0600083790E /* GLTFBufferView.swift in Sources */ = {isa = PBXBuildFile; fileRef = ECB36C1F2149B05D0083790E /* GLTFBufferView.swift */; };
		ECB36C492149B0600083790E /* GLTFGlTF.swift in Sources */ = {isa = PBXBuildFile; fileRef = ECB36C202149B05E0083790E /* GLTFGlTF.swift */; };
		ECB36C4A2149B0600083790E /* GLTFGlTFChildOfRootProperty.swift in Sources */ = {isa = PBXBuildFile; fileRef = ECB36C212149B05E0083790E /* GLTFGlTFChildOfRootProperty.swift */; };
		ECB36C4B2149B0600083790E /* GLTFImage.swift in Sources */ = {isa = PBXBuildFile; fileRef = ECB36C222149B05E0083790E /* GLTFImage.swift */; };
		ECB36C4C2149B0600083790E /* GLTFMeshPrimitive.swift in Sources */ = {isa = PBXBuildFile; fileRef = ECB36C232149B05E0083790E /* GLTFMeshPrimitive.swift */; };
		ECB36C4D2149B0600083790E /* GLTFTexture.swift in Sources */ = {isa = PBXBuildFile; fileRef = ECB36C242149B05E0083790E /* GLTFTexture.swift */; };
		ECB36C4E2149B0600083790E /* GLTFKHRMaterialsCommon_GLTFKHRMaterialsCommon.swift in Sources */ = {isa = PBXBuildFile; fileRef = ECB36C252149B05E0083790E /* GLTFKHRMaterialsCommon_GLTFKHRMaterialsCommon.swift */; };
		ECB36C4F2149B0600083790E /* GLTFAnimation.swift in Sources */ = {isa = PBXBuildFile; fileRef = ECB36C262149B05E0083790E /* GLTFAnimation.swift */; };
		ECB36C502149B0600083790E /* GLTFMaterialPbrMetallicRoughness.swift in Sources */ = {isa = PBXBuildFile; fileRef = ECB36C272149B05E0083790E /* GLTFMaterialPbrMetallicRoughness.swift */; };
		ECB36C512149B0600083790E /* GLTFGlTFProperty.swift in Sources */ = {isa = PBXBuildFile; fileRef = ECB36C282149B05E0083790E /* GLTFGlTFProperty.swift */; };
		ECB36C522149B0600083790E /* GLTFKHRMaterialsPbrSpecularGlossiness_GLTFKHRMaterialsPbrSpecularGlossiness.swift in Sources */ = {isa = PBXBuildFile; fileRef = ECB36C292149B05E0083790E /* GLTFKHRMaterialsPbrSpecularGlossiness_GLTFKHRMaterialsPbrSpecularGlossiness.swift */; };
		ECB36C532149B0600083790E /* GLTFNode.swift in Sources */ = {isa = PBXBuildFile; fileRef = ECB36C2A2149B05E0083790E /* GLTFNode.swift */; };
		ECB36C542149B0600083790E /* GLTFErrors.swift in Sources */ = {isa = PBXBuildFile; fileRef = ECB36C2B2149B05E0083790E /* GLTFErrors.swift */; };
		ECB36C552149B0600083790E /* GLTFGlTFid.swift in Sources */ = {isa = PBXBuildFile; fileRef = ECB36C2C2149B05E0083790E /* GLTFGlTFid.swift */; };
		ECB36C562149B0600083790E /* GLTFSampler.swift in Sources */ = {isa = PBXBuildFile; fileRef = ECB36C2D2149B05E0083790E /* GLTFSampler.swift */; };
		ECB36C572149B0600083790E /* GLTFTypes.swift in Sources */ = {isa = PBXBuildFile; fileRef = ECB36C2E2149B05E0083790E /* GLTFTypes.swift */; };
		ECB36C582149B0600083790E /* GLTFExtras.swift in Sources */ = {isa = PBXBuildFile; fileRef = ECB36C2F2149B05F0083790E /* GLTFExtras.swift */; };
		ECB36C592149B0600083790E /* GLTFMaterial.swift in Sources */ = {isa = PBXBuildFile; fileRef = ECB36C302149B05F0083790E /* GLTFMaterial.swift */; };
		ECB36C5A2149B0600083790E /* GLTFSceneSource.swift in Sources */ = {isa = PBXBuildFile; fileRef = ECB36C312149B05F0083790E /* GLTFSceneSource.swift */; };
		ECB36C5B2149B0600083790E /* GLTFCameraPerspective.swift in Sources */ = {isa = PBXBuildFile; fileRef = ECB36C322149B05F0083790E /* GLTFCameraPerspective.swift */; };
		ECB36C5C2149B0600083790E /* GLTFCameraOrthographic.swift in Sources */ = {isa = PBXBuildFile; fileRef = ECB36C332149B05F0083790E /* GLTFCameraOrthographic.swift */; };
		ECB36C5D2149B0600083790E /* GLTFAnimationChannel.swift in Sources */ = {isa = PBXBuildFile; fileRef = ECB36C342149B05F0083790E /* GLTFAnimationChannel.swift */; };
		ECB36C5E2149B0600083790E /* GLTFMesh.swift in Sources */ = {isa = PBXBuildFile; fileRef = ECB36C352149B05F0083790E /* GLTFMesh.swift */; };
		ECB36C5F2149B0600083790E /* GLTFUnarchiver.swift in Sources */ = {isa = PBXBuildFile; fileRef = ECB36C362149B05F0083790E /* GLTFUnarchiver.swift */; };
		ECB36C602149B0600083790E /* GLTFFunctions.swift in Sources */ = {isa = PBXBuildFile; fileRef = ECB36C372149B05F0083790E /* GLTFFunctions.swift */; };
		ECB36C612149B0600083790E /* ExtensionList.swift in Sources */ = {isa = PBXBuildFile; fileRef = ECB36C382149B05F0083790E /* ExtensionList.swift */; };
		ECB36C622149B0600083790E /* GLTFTextureInfo.swift in Sources */ = {isa = PBXBuildFile; fileRef = ECB36C392149B05F0083790E /* GLTFTextureInfo.swift */; };
		ECB36C632149B0600083790E /* GLTFAccessorSparseValues.swift in Sources */ = {isa = PBXBuildFile; fileRef = ECB36C3A2149B05F0083790E /* GLTFAccessorSparseValues.swift */; };
/* End PBXBuildFile section */

/* Begin PBXCopyFilesBuildPhase section */
		EC8A7F6820D04A0E00ABEEAA /* CopyFiles */ = {
			isa = PBXCopyFilesBuildPhase;
			buildActionMask = 2147483647;
			dstPath = /usr/share/man/man1/;
			dstSubfolderSpec = 0;
			files = (
			);
			runOnlyForDeploymentPostprocessing = 1;
		};
/* End PBXCopyFilesBuildPhase section */

/* Begin PBXFileReference section */
		EC8A7F6A20D04A0E00ABEEAA /* gltf2scn */ = {isa = PBXFileReference; explicitFileType = "compiled.mach-o.executable"; includeInIndex = 0; path = gltf2scn; sourceTree = BUILT_PRODUCTS_DIR; };
		EC8A7F6D20D04A0E00ABEEAA /* main.swift */ = {isa = PBXFileReference; lastKnownFileType = sourcecode.swift; path = main.swift; sourceTree = "<group>"; };
		EC8A801B20D443FB00ABEEAA /* gltf2scn_GLTFSceneKitShaders.swift */ = {isa = PBXFileReference; fileEncoding = 4; lastKnownFileType = sourcecode.swift; path = gltf2scn_GLTFSceneKitShaders.swift; sourceTree = "<group>"; };
		ECB36C122149B05D0083790E /* GLTFAsset.swift */ = {isa = PBXFileReference; fileEncoding = 4; lastKnownFileType = sourcecode.swift; name = GLTFAsset.swift; path = GLTFSceneKit/GLTFAsset.swift; sourceTree = "<group>"; };
		ECB36C132149B05D0083790E /* GLTFMaterialNormalTextureInfo.swift */ = {isa = PBXFileReference; fileEncoding = 4; lastKnownFileType = sourcecode.swift; name = GLTFMaterialNormalTextureInfo.swift; path = GLTFSceneKit/GLTFMaterialNormalTextureInfo.swift; sourceTree = "<group>"; };
		ECB36C142149B05D0083790E /* GLTFBuffer.swift */ = {isa = PBXFileReference; fileEncoding = 4; lastKnownFileType = sourcecode.swift; name = GLTFBuffer.swift; path = GLTFSceneKit/GLTFBuffer.swift; sourceTree = "<group>"; };
		ECB36C152149B05D0083790E /* GLTFAccessor.swift */ = {isa = PBXFileReference; fileEncoding = 4; lastKnownFileType = sourcecode.swift; name = GLTFAccessor.swift; path = GLTFSceneKit/GLTFAccessor.swift; sourceTree = "<group>"; };
		ECB36C162149B05D0083790E /* GLTFCamera.swift */ = {isa = PBXFileReference; fileEncoding = 4; lastKnownFileType = sourcecode.swift; name = GLTFCamera.swift; path = GLTFSceneKit/GLTFCamera.swift; sourceTree = "<group>"; };
		ECB36C172149B05D0083790E /* GLTFAccessorSparseIndices.swift */ = {isa = PBXFileReference; fileEncoding = 4; lastKnownFileType = sourcecode.swift; name = GLTFAccessorSparseIndices.swift; path = GLTFSceneKit/GLTFAccessorSparseIndices.swift; sourceTree = "<group>"; };
		ECB36C182149B05D0083790E /* GLTFExtension.swift */ = {isa = PBXFileReference; fileEncoding = 4; lastKnownFileType = sourcecode.swift; name = GLTFExtension.swift; path = GLTFSceneKit/GLTFExtension.swift; sourceTree = "<group>"; };
		ECB36C192149B05D0083790E /* GLTFMaterialOcclusionTextureInfo.swift */ = {isa = PBXFileReference; fileEncoding = 4; lastKnownFileType = sourcecode.swift; name = GLTFMaterialOcclusionTextureInfo.swift; path = GLTFSceneKit/GLTFMaterialOcclusionTextureInfo.swift; sourceTree = "<group>"; };
		ECB36C1A2149B05D0083790E /* GLTFScene.swift */ = {isa = PBXFileReference; fileEncoding = 4; lastKnownFileType = sourcecode.swift; name = GLTFScene.swift; path = GLTFSceneKit/GLTFScene.swift; sourceTree = "<group>"; };
		ECB36C1B2149B05D0083790E /* GLTFAnimationSampler.swift */ = {isa = PBXFileReference; fileEncoding = 4; lastKnownFileType = sourcecode.swift; name = GLTFAnimationSampler.swift; path = GLTFSceneKit/GLTFAnimationSampler.swift; sourceTree = "<group>"; };
		ECB36C1C2149B05D0083790E /* GLTFSkin.swift */ = {isa = PBXFileReference; fileEncoding = 4; lastKnownFileType = sourcecode.swift; name = GLTFSkin.swift; path = GLTFSceneKit/GLTFSkin.swift; sourceTree = "<group>"; };
		ECB36C1D2149B05D0083790E /* GLTFAccessorSparse.swift */ = {isa = PBXFileReference; fileEncoding = 4; lastKnownFileType = sourcecode.swift; name = GLTFAccessorSparse.swift; path = GLTFSceneKit/GLTFAccessorSparse.swift; sourceTree = "<group>"; };
		ECB36C1E2149B05D0083790E /* GLTFAnimationChannelTarget.swift */ = {isa = PBXFileReference; fileEncoding = 4; lastKnownFileType = sourcecode.swift; name = GLTFAnimationChannelTarget.swift; path = GLTFSceneKit/GLTFAnimationChannelTarget.swift; sourceTree = "<group>"; };
		ECB36C1F2149B05D0083790E /* GLTFBufferView.swift */ = {isa = PBXFileReference; fileEncoding = 4; lastKnownFileType = sourcecode.swift; name = GLTFBufferView.swift; path = GLTFSceneKit/GLTFBufferView.swift; sourceTree = "<group>"; };
		ECB36C202149B05E0083790E /* GLTFGlTF.swift */ = {isa = PBXFileReference; fileEncoding = 4; lastKnownFileType = sourcecode.swift; name = GLTFGlTF.swift; path = GLTFSceneKit/GLTFGlTF.swift; sourceTree = "<group>"; };
		ECB36C212149B05E0083790E /* GLTFGlTFChildOfRootProperty.swift */ = {isa = PBXFileReference; fileEncoding = 4; lastKnownFileType = sourcecode.swift; name = GLTFGlTFChildOfRootProperty.swift; path = GLTFSceneKit/GLTFGlTFChildOfRootProperty.swift; sourceTree = "<group>"; };
		ECB36C222149B05E0083790E /* GLTFImage.swift */ = {isa = PBXFileReference; fileEncoding = 4; lastKnownFileType = sourcecode.swift; name = GLTFImage.swift; path = GLTFSceneKit/GLTFImage.swift; sourceTree = "<group>"; };
		ECB36C232149B05E0083790E /* GLTFMeshPrimitive.swift */ = {isa = PBXFileReference; fileEncoding = 4; lastKnownFileType = sourcecode.swift; name = GLTFMeshPrimitive.swift; path = GLTFSceneKit/GLTFMeshPrimitive.swift; sourceTree = "<group>"; };
		ECB36C242149B05E0083790E /* GLTFTexture.swift */ = {isa = PBXFileReference; fileEncoding = 4; lastKnownFileType = sourcecode.swift; name = GLTFTexture.swift; path = GLTFSceneKit/GLTFTexture.swift; sourceTree = "<group>"; };
		ECB36C252149B05E0083790E /* GLTFKHRMaterialsCommon_GLTFKHRMaterialsCommon.swift */ = {isa = PBXFileReference; fileEncoding = 4; lastKnownFileType = sourcecode.swift; name = GLTFKHRMaterialsCommon_GLTFKHRMaterialsCommon.swift; path = GLTFSceneKit/GLTFKHRMaterialsCommon_GLTFKHRMaterialsCommon.swift; sourceTree = "<group>"; };
		ECB36C262149B05E0083790E /* GLTFAnimation.swift */ = {isa = PBXFileReference; fileEncoding = 4; lastKnownFileType = sourcecode.swift; name = GLTFAnimation.swift; path = GLTFSceneKit/GLTFAnimation.swift; sourceTree = "<group>"; };
		ECB36C272149B05E0083790E /* GLTFMaterialPbrMetallicRoughness.swift */ = {isa = PBXFileReference; fileEncoding = 4; lastKnownFileType = sourcecode.swift; name = GLTFMaterialPbrMetallicRoughness.swift; path = GLTFSceneKit/GLTFMaterialPbrMetallicRoughness.swift; sourceTree = "<group>"; };
		ECB36C282149B05E0083790E /* GLTFGlTFProperty.swift */ = {isa = PBXFileReference; fileEncoding = 4; lastKnownFileType = sourcecode.swift; name = GLTFGlTFProperty.swift; path = GLTFSceneKit/GLTFGlTFProperty.swift; sourceTree = "<group>"; };
		ECB36C292149B05E0083790E /* GLTFKHRMaterialsPbrSpecularGlossiness_GLTFKHRMaterialsPbrSpecularGlossiness.swift */ = {isa = PBXFileReference; fileEncoding = 4; lastKnownFileType = sourcecode.swift; name = GLTFKHRMaterialsPbrSpecularGlossiness_GLTFKHRMaterialsPbrSpecularGlossiness.swift; path = GLTFSceneKit/GLTFKHRMaterialsPbrSpecularGlossiness_GLTFKHRMaterialsPbrSpecularGlossiness.swift; sourceTree = "<group>"; };
		ECB36C2A2149B05E0083790E /* GLTFNode.swift */ = {isa = PBXFileReference; fileEncoding = 4; lastKnownFileType = sourcecode.swift; name = GLTFNode.swift; path = GLTFSceneKit/GLTFNode.swift; sourceTree = "<group>"; };
		ECB36C2B2149B05E0083790E /* GLTFErrors.swift */ = {isa = PBXFileReference; fileEncoding = 4; lastKnownFileType = sourcecode.swift; name = GLTFErrors.swift; path = GLTFSceneKit/GLTFErrors.swift; sourceTree = "<group>"; };
		ECB36C2C2149B05E0083790E /* GLTFGlTFid.swift */ = {isa = PBXFileReference; fileEncoding = 4; lastKnownFileType = sourcecode.swift; name = GLTFGlTFid.swift; path = GLTFSceneKit/GLTFGlTFid.swift; sourceTree = "<group>"; };
		ECB36C2D2149B05E0083790E /* GLTFSampler.swift */ = {isa = PBXFileReference; fileEncoding = 4; lastKnownFileType = sourcecode.swift; name = GLTFSampler.swift; path = GLTFSceneKit/GLTFSampler.swift; sourceTree = "<group>"; };
		ECB36C2E2149B05E0083790E /* GLTFTypes.swift */ = {isa = PBXFileReference; fileEncoding = 4; lastKnownFileType = sourcecode.swift; name = GLTFTypes.swift; path = GLTFSceneKit/GLTFTypes.swift; sourceTree = "<group>"; };
		ECB36C2F2149B05F0083790E /* GLTFExtras.swift */ = {isa = PBXFileReference; fileEncoding = 4; lastKnownFileType = sourcecode.swift; name = GLTFExtras.swift; path = GLTFSceneKit/GLTFExtras.swift; sourceTree = "<group>"; };
		ECB36C302149B05F0083790E /* GLTFMaterial.swift */ = {isa = PBXFileReference; fileEncoding = 4; lastKnownFileType = sourcecode.swift; name = GLTFMaterial.swift; path = GLTFSceneKit/GLTFMaterial.swift; sourceTree = "<group>"; };
		ECB36C312149B05F0083790E /* GLTFSceneSource.swift */ = {isa = PBXFileReference; fileEncoding = 4; lastKnownFileType = sourcecode.swift; name = GLTFSceneSource.swift; path = GLTFSceneKit/GLTFSceneSource.swift; sourceTree = "<group>"; };
		ECB36C322149B05F0083790E /* GLTFCameraPerspective.swift */ = {isa = PBXFileReference; fileEncoding = 4; lastKnownFileType = sourcecode.swift; name = GLTFCameraPerspective.swift; path = GLTFSceneKit/GLTFCameraPerspective.swift; sourceTree = "<group>"; };
		ECB36C332149B05F0083790E /* GLTFCameraOrthographic.swift */ = {isa = PBXFileReference; fileEncoding = 4; lastKnownFileType = sourcecode.swift; name = GLTFCameraOrthographic.swift; path = GLTFSceneKit/GLTFCameraOrthographic.swift; sourceTree = "<group>"; };
		ECB36C342149B05F0083790E /* GLTFAnimationChannel.swift */ = {isa = PBXFileReference; fileEncoding = 4; lastKnownFileType = sourcecode.swift; name = GLTFAnimationChannel.swift; path = GLTFSceneKit/GLTFAnimationChannel.swift; sourceTree = "<group>"; };
		ECB36C352149B05F0083790E /* GLTFMesh.swift */ = {isa = PBXFileReference; fileEncoding = 4; lastKnownFileType = sourcecode.swift; name = GLTFMesh.swift; path = GLTFSceneKit/GLTFMesh.swift; sourceTree = "<group>"; };
		ECB36C362149B05F0083790E /* GLTFUnarchiver.swift */ = {isa = PBXFileReference; fileEncoding = 4; lastKnownFileType = sourcecode.swift; name = GLTFUnarchiver.swift; path = GLTFSceneKit/GLTFUnarchiver.swift; sourceTree = "<group>"; };
		ECB36C372149B05F0083790E /* GLTFFunctions.swift */ = {isa = PBXFileReference; fileEncoding = 4; lastKnownFileType = sourcecode.swift; name = GLTFFunctions.swift; path = GLTFSceneKit/GLTFFunctions.swift; sourceTree = "<group>"; };
		ECB36C382149B05F0083790E /* ExtensionList.swift */ = {isa = PBXFileReference; fileEncoding = 4; lastKnownFileType = sourcecode.swift; name = ExtensionList.swift; path = GLTFSceneKit/ExtensionList.swift; sourceTree = "<group>"; };
		ECB36C392149B05F0083790E /* GLTFTextureInfo.swift */ = {isa = PBXFileReference; fileEncoding = 4; lastKnownFileType = sourcecode.swift; name = GLTFTextureInfo.swift; path = GLTFSceneKit/GLTFTextureInfo.swift; sourceTree = "<group>"; };
		ECB36C3A2149B05F0083790E /* GLTFAccessorSparseValues.swift */ = {isa = PBXFileReference; fileEncoding = 4; lastKnownFileType = sourcecode.swift; name = GLTFAccessorSparseValues.swift; path = GLTFSceneKit/GLTFAccessorSparseValues.swift; sourceTree = "<group>"; };
/* End PBXFileReference section */

/* Begin PBXFrameworksBuildPhase section */
		EC8A7F6720D04A0E00ABEEAA /* Frameworks */ = {
			isa = PBXFrameworksBuildPhase;
			buildActionMask = 2147483647;
			files = (
			);
			runOnlyForDeploymentPostprocessing = 0;
		};
/* End PBXFrameworksBuildPhase section */

/* Begin PBXGroup section */
		EC8A7F6120D04A0E00ABEEAA = {
			isa = PBXGroup;
			children = (
				ECB36C382149B05F0083790E /* ExtensionList.swift */,
				ECB36C152149B05D0083790E /* GLTFAccessor.swift */,
				ECB36C1D2149B05D0083790E /* GLTFAccessorSparse.swift */,
				ECB36C172149B05D0083790E /* GLTFAccessorSparseIndices.swift */,
				ECB36C3A2149B05F0083790E /* GLTFAccessorSparseValues.swift */,
				ECB36C262149B05E0083790E /* GLTFAnimation.swift */,
				ECB36C342149B05F0083790E /* GLTFAnimationChannel.swift */,
				ECB36C1E2149B05D0083790E /* GLTFAnimationChannelTarget.swift */,
				ECB36C1B2149B05D0083790E /* GLTFAnimationSampler.swift */,
				ECB36C122149B05D0083790E /* GLTFAsset.swift */,
				ECB36C142149B05D0083790E /* GLTFBuffer.swift */,
				ECB36C1F2149B05D0083790E /* GLTFBufferView.swift */,
				ECB36C162149B05D0083790E /* GLTFCamera.swift */,
				ECB36C332149B05F0083790E /* GLTFCameraOrthographic.swift */,
				ECB36C322149B05F0083790E /* GLTFCameraPerspective.swift */,
				ECB36C2B2149B05E0083790E /* GLTFErrors.swift */,
				ECB36C182149B05D0083790E /* GLTFExtension.swift */,
				ECB36C2F2149B05F0083790E /* GLTFExtras.swift */,
				ECB36C372149B05F0083790E /* GLTFFunctions.swift */,
				ECB36C202149B05E0083790E /* GLTFGlTF.swift */,
				ECB36C212149B05E0083790E /* GLTFGlTFChildOfRootProperty.swift */,
				ECB36C2C2149B05E0083790E /* GLTFGlTFid.swift */,
				ECB36C282149B05E0083790E /* GLTFGlTFProperty.swift */,
				ECB36C222149B05E0083790E /* GLTFImage.swift */,
				ECB36C252149B05E0083790E /* GLTFKHRMaterialsCommon_GLTFKHRMaterialsCommon.swift */,
				ECB36C292149B05E0083790E /* GLTFKHRMaterialsPbrSpecularGlossiness_GLTFKHRMaterialsPbrSpecularGlossiness.swift */,
				ECB36C302149B05F0083790E /* GLTFMaterial.swift */,
				ECB36C132149B05D0083790E /* GLTFMaterialNormalTextureInfo.swift */,
				ECB36C192149B05D0083790E /* GLTFMaterialOcclusionTextureInfo.swift */,
				ECB36C272149B05E0083790E /* GLTFMaterialPbrMetallicRoughness.swift */,
				ECB36C352149B05F0083790E /* GLTFMesh.swift */,
				ECB36C232149B05E0083790E /* GLTFMeshPrimitive.swift */,
				ECB36C2A2149B05E0083790E /* GLTFNode.swift */,
				ECB36C2D2149B05E0083790E /* GLTFSampler.swift */,
				ECB36C1A2149B05D0083790E /* GLTFScene.swift */,
				ECB36C312149B05F0083790E /* GLTFSceneSource.swift */,
				ECB36C1C2149B05D0083790E /* GLTFSkin.swift */,
				ECB36C242149B05E0083790E /* GLTFTexture.swift */,
				ECB36C392149B05F0083790E /* GLTFTextureInfo.swift */,
				ECB36C2E2149B05E0083790E /* GLTFTypes.swift */,
				ECB36C362149B05F0083790E /* GLTFUnarchiver.swift */,
				EC8A7F6C20D04A0E00ABEEAA /* gltf2scn */,
				EC8A7F6B20D04A0E00ABEEAA /* Products */,
			);
			sourceTree = "<group>";
		};
		EC8A7F6B20D04A0E00ABEEAA /* Products */ = {
			isa = PBXGroup;
			children = (
				EC8A7F6A20D04A0E00ABEEAA /* gltf2scn */,
			);
			name = Products;
			sourceTree = "<group>";
		};
		EC8A7F6C20D04A0E00ABEEAA /* gltf2scn */ = {
			isa = PBXGroup;
			children = (
				EC8A801B20D443FB00ABEEAA /* gltf2scn_GLTFSceneKitShaders.swift */,
				EC8A7F6D20D04A0E00ABEEAA /* main.swift */,
			);
			path = gltf2scn;
			sourceTree = "<group>";
		};
/* End PBXGroup section */

/* Begin PBXNativeTarget section */
		EC8A7F6920D04A0E00ABEEAA /* gltf2scn */ = {
			isa = PBXNativeTarget;
			buildConfigurationList = EC8A7F7120D04A0E00ABEEAA /* Build configuration list for PBXNativeTarget "gltf2scn" */;
			buildPhases = (
				EC8A7F6620D04A0E00ABEEAA /* Sources */,
				EC8A7F6720D04A0E00ABEEAA /* Frameworks */,
				EC8A7F6820D04A0E00ABEEAA /* CopyFiles */,
			);
			buildRules = (
			);
			dependencies = (
			);
			name = gltf2scn;
			productName = gltf2scn;
			productReference = EC8A7F6A20D04A0E00ABEEAA /* gltf2scn */;
			productType = "com.apple.product-type.tool";
		};
/* End PBXNativeTarget section */

/* Begin PBXProject section */
		EC8A7F6220D04A0E00ABEEAA /* Project object */ = {
			isa = PBXProject;
			attributes = {
				LastSwiftUpdateCheck = 0930;
				LastUpgradeCheck = 0930;
				ORGANIZATIONNAME = "The New York Times";
				TargetAttributes = {
					EC8A7F6920D04A0E00ABEEAA = {
						CreatedOnToolsVersion = 9.3;
					};
				};
			};
			buildConfigurationList = EC8A7F6520D04A0E00ABEEAA /* Build configuration list for PBXProject "gltf2scn" */;
			compatibilityVersion = "Xcode 9.3";
			developmentRegion = en;
			hasScannedForEncodings = 0;
			knownRegions = (
				en,
			);
			mainGroup = EC8A7F6120D04A0E00ABEEAA;
			productRefGroup = EC8A7F6B20D04A0E00ABEEAA /* Products */;
			projectDirPath = "";
			projectRoot = "";
			targets = (
				EC8A7F6920D04A0E00ABEEAA /* gltf2scn */,
			);
		};
/* End PBXProject section */

/* Begin PBXSourcesBuildPhase section */
		EC8A7F6620D04A0E00ABEEAA /* Sources */ = {
			isa = PBXSourcesBuildPhase;
			buildActionMask = 2147483647;
			files = (
				ECB36C3C2149B0600083790E /* GLTFMaterialNormalTextureInfo.swift in Sources */,
				ECB36C4F2149B0600083790E /* GLTFAnimation.swift in Sources */,
				ECB36C532149B0600083790E /* GLTFNode.swift in Sources */,
				ECB36C572149B0600083790E /* GLTFTypes.swift in Sources */,
				ECB36C502149B0600083790E /* GLTFMaterialPbrMetallicRoughness.swift in Sources */,
				ECB36C482149B0600083790E /* GLTFBufferView.swift in Sources */,
				ECB36C512149B0600083790E /* GLTFGlTFProperty.swift in Sources */,
				ECB36C4D2149B0600083790E /* GLTFTexture.swift in Sources */,
				ECB36C5A2149B0600083790E /* GLTFSceneSource.swift in Sources */,
				ECB36C3B2149B0600083790E /* GLTFAsset.swift in Sources */,
				ECB36C522149B0600083790E /* GLTFKHRMaterialsPbrSpecularGlossiness_GLTFKHRMaterialsPbrSpecularGlossiness.swift in Sources */,
				ECB36C3D2149B0600083790E /* GLTFBuffer.swift in Sources */,
				ECB36C4E2149B0600083790E /* GLTFKHRMaterialsCommon_GLTFKHRMaterialsCommon.swift in Sources */,
				ECB36C552149B0600083790E /* GLTFGlTFid.swift in Sources */,
				ECB36C492149B0600083790E /* GLTFGlTF.swift in Sources */,
				ECB36C4C2149B0600083790E /* GLTFMeshPrimitive.swift in Sources */,
				ECB36C582149B0600083790E /* GLTFExtras.swift in Sources */,
				ECB36C422149B0600083790E /* GLTFMaterialOcclusionTextureInfo.swift in Sources */,
				EC8A7F6E20D04A0E00ABEEAA /* main.swift in Sources */,
				ECB36C472149B0600083790E /* GLTFAnimationChannelTarget.swift in Sources */,
				ECB36C632149B0600083790E /* GLTFAccessorSparseValues.swift in Sources */,
				ECB36C5D2149B0600083790E /* GLTFAnimationChannel.swift in Sources */,
				ECB36C4B2149B0600083790E /* GLTFImage.swift in Sources */,
				ECB36C542149B0600083790E /* GLTFErrors.swift in Sources */,
				ECB36C612149B0600083790E /* ExtensionList.swift in Sources */,
				ECB36C4A2149B0600083790E /* GLTFGlTFChildOfRootProperty.swift in Sources */,
				EC8A801C20D443FB00ABEEAA /* gltf2scn_GLTFSceneKitShaders.swift in Sources */,
				ECB36C442149B0600083790E /* GLTFAnimationSampler.swift in Sources */,
				ECB36C592149B0600083790E /* GLTFMaterial.swift in Sources */,
				ECB36C432149B0600083790E /* GLTFScene.swift in Sources */,
				ECB36C412149B0600083790E /* GLTFExtension.swift in Sources */,
				ECB36C452149B0600083790E /* GLTFSkin.swift in Sources */,
				ECB36C5B2149B0600083790E /* GLTFCameraPerspective.swift in Sources */,
				ECB36C622149B0600083790E /* GLTFTextureInfo.swift in Sources */,
				ECB36C3F2149B0600083790E /* GLTFCamera.swift in Sources */,
				ECB36C462149B0600083790E /* GLTFAccessorSparse.swift in Sources */,
				ECB36C3E2149B0600083790E /* GLTFAccessor.swift in Sources */,
				ECB36C402149B0600083790E /* GLTFAccessorSparseIndices.swift in Sources */,
				ECB36C5E2149B0600083790E /* GLTFMesh.swift in Sources */,
				ECB36C602149B0600083790E /* GLTFFunctions.swift in Sources */,
				ECB36C562149B0600083790E /* GLTFSampler.swift in Sources */,
				ECB36C5F2149B0600083790E /* GLTFUnarchiver.swift in Sources */,
				ECB36C5C2149B0600083790E /* GLTFCameraOrthographic.swift in Sources */,
			);
			runOnlyForDeploymentPostprocessing = 0;
		};
/* End PBXSourcesBuildPhase section */

/* Begin XCBuildConfiguration section */
		EC8A7F6F20D04A0E00ABEEAA /* Debug */ = {
			isa = XCBuildConfiguration;
			buildSettings = {
				ALWAYS_SEARCH_USER_PATHS = NO;
				CLANG_ANALYZER_NONNULL = YES;
				CLANG_ANALYZER_NUMBER_OBJECT_CONVERSION = YES_AGGRESSIVE;
				CLANG_CXX_LANGUAGE_STANDARD = "gnu++14";
				CLANG_CXX_LIBRARY = "libc++";
				CLANG_ENABLE_MODULES = YES;
				CLANG_ENABLE_OBJC_ARC = YES;
				CLANG_ENABLE_OBJC_WEAK = YES;
				CLANG_WARN_BLOCK_CAPTURE_AUTORELEASING = YES;
				CLANG_WARN_BOOL_CONVERSION = YES;
				CLANG_WARN_COMMA = YES;
				CLANG_WARN_CONSTANT_CONVERSION = YES;
				CLANG_WARN_DEPRECATED_OBJC_IMPLEMENTATIONS = YES;
				CLANG_WARN_DIRECT_OBJC_ISA_USAGE = YES_ERROR;
				CLANG_WARN_DOCUMENTATION_COMMENTS = YES;
				CLANG_WARN_EMPTY_BODY = YES;
				CLANG_WARN_ENUM_CONVERSION = YES;
				CLANG_WARN_INFINITE_RECURSION = YES;
				CLANG_WARN_INT_CONVERSION = YES;
				CLANG_WARN_NON_LITERAL_NULL_CONVERSION = YES;
				CLANG_WARN_OBJC_IMPLICIT_RETAIN_SELF = YES;
				CLANG_WARN_OBJC_LITERAL_CONVERSION = YES;
				CLANG_WARN_OBJC_ROOT_CLASS = YES_ERROR;
				CLANG_WARN_RANGE_LOOP_ANALYSIS = YES;
				CLANG_WARN_STRICT_PROTOTYPES = YES;
				CLANG_WARN_SUSPICIOUS_MOVE = YES;
				CLANG_WARN_UNGUARDED_AVAILABILITY = YES_AGGRESSIVE;
				CLANG_WARN_UNREACHABLE_CODE = YES;
				CLANG_WARN__DUPLICATE_METHOD_MATCH = YES;
				CODE_SIGN_IDENTITY = "Mac Developer";
				COPY_PHASE_STRIP = NO;
				DEBUG_INFORMATION_FORMAT = dwarf;
				ENABLE_STRICT_OBJC_MSGSEND = YES;
				ENABLE_TESTABILITY = YES;
				GCC_C_LANGUAGE_STANDARD = gnu11;
				GCC_DYNAMIC_NO_PIC = NO;
				GCC_NO_COMMON_BLOCKS = YES;
				GCC_OPTIMIZATION_LEVEL = 0;
				GCC_PREPROCESSOR_DEFINITIONS = (
					"DEBUG=1",
					"$(inherited)",
				);
				GCC_WARN_64_TO_32_BIT_CONVERSION = YES;
				GCC_WARN_ABOUT_RETURN_TYPE = YES_ERROR;
				GCC_WARN_UNDECLARED_SELECTOR = YES;
				GCC_WARN_UNINITIALIZED_AUTOS = YES_AGGRESSIVE;
				GCC_WARN_UNUSED_FUNCTION = YES;
				GCC_WARN_UNUSED_VARIABLE = YES;
				MACOSX_DEPLOYMENT_TARGET = 10.13;
				MTL_ENABLE_DEBUG_INFO = YES;
				ONLY_ACTIVE_ARCH = YES;
				SDKROOT = macosx;
				SWIFT_ACTIVE_COMPILATION_CONDITIONS = DEBUG;
				SWIFT_OPTIMIZATION_LEVEL = "-Onone";
			};
			name = Debug;
		};
		EC8A7F7020D04A0E00ABEEAA /* Release */ = {
			isa = XCBuildConfiguration;
			buildSettings = {
				ALWAYS_SEARCH_USER_PATHS = NO;
				CLANG_ANALYZER_NONNULL = YES;
				CLANG_ANALYZER_NUMBER_OBJECT_CONVERSION = YES_AGGRESSIVE;
				CLANG_CXX_LANGUAGE_STANDARD = "gnu++14";
				CLANG_CXX_LIBRARY = "libc++";
				CLANG_ENABLE_MODULES = YES;
				CLANG_ENABLE_OBJC_ARC = YES;
				CLANG_ENABLE_OBJC_WEAK = YES;
				CLANG_WARN_BLOCK_CAPTURE_AUTORELEASING = YES;
				CLANG_WARN_BOOL_CONVERSION = YES;
				CLANG_WARN_COMMA = YES;
				CLANG_WARN_CONSTANT_CONVERSION = YES;
				CLANG_WARN_DEPRECATED_OBJC_IMPLEMENTATIONS = YES;
				CLANG_WARN_DIRECT_OBJC_ISA_USAGE = YES_ERROR;
				CLANG_WARN_DOCUMENTATION_COMMENTS = YES;
				CLANG_WARN_EMPTY_BODY = YES;
				CLANG_WARN_ENUM_CONVERSION = YES;
				CLANG_WARN_INFINITE_RECURSION = YES;
				CLANG_WARN_INT_CONVERSION = YES;
				CLANG_WARN_NON_LITERAL_NULL_CONVERSION = YES;
				CLANG_WARN_OBJC_IMPLICIT_RETAIN_SELF = YES;
				CLANG_WARN_OBJC_LITERAL_CONVERSION = YES;
				CLANG_WARN_OBJC_ROOT_CLASS = YES_ERROR;
				CLANG_WARN_RANGE_LOOP_ANALYSIS = YES;
				CLANG_WARN_STRICT_PROTOTYPES = YES;
				CLANG_WARN_SUSPICIOUS_MOVE = YES;
				CLANG_WARN_UNGUARDED_AVAILABILITY = YES_AGGRESSIVE;
				CLANG_WARN_UNREACHABLE_CODE = YES;
				CLANG_WARN__DUPLICATE_METHOD_MATCH = YES;
				CODE_SIGN_IDENTITY = "Mac Developer";
				COPY_PHASE_STRIP = NO;
				DEBUG_INFORMATION_FORMAT = "dwarf-with-dsym";
				ENABLE_NS_ASSERTIONS = NO;
				ENABLE_STRICT_OBJC_MSGSEND = YES;
				GCC_C_LANGUAGE_STANDARD = gnu11;
				GCC_NO_COMMON_BLOCKS = YES;
				GCC_WARN_64_TO_32_BIT_CONVERSION = YES;
				GCC_WARN_ABOUT_RETURN_TYPE = YES_ERROR;
				GCC_WARN_UNDECLARED_SELECTOR = YES;
				GCC_WARN_UNINITIALIZED_AUTOS = YES_AGGRESSIVE;
				GCC_WARN_UNUSED_FUNCTION = YES;
				GCC_WARN_UNUSED_VARIABLE = YES;
				MACOSX_DEPLOYMENT_TARGET = 10.13;
				MTL_ENABLE_DEBUG_INFO = NO;
				SDKROOT = macosx;
				SWIFT_COMPILATION_MODE = wholemodule;
				SWIFT_OPTIMIZATION_LEVEL = "-O";
			};
			name = Release;
		};
		EC8A7F7220D04A0E00ABEEAA /* Debug */ = {
			isa = XCBuildConfiguration;
			buildSettings = {
				ALWAYS_EMBED_SWIFT_STANDARD_LIBRARIES = NO;
				CODE_SIGN_STYLE = Automatic;
				DEVELOPMENT_TEAM = FL458598BU;
				FRAMEWORK_SEARCH_PATHS = (
					"$(inherited)",
					"$(PROJECT_DIR)/Carthage/Build/Mac",
				);
				PRODUCT_NAME = "$(TARGET_NAME)";
				SWIFT_VERSION = 4.0;
			};
			name = Debug;
		};
		EC8A7F7320D04A0E00ABEEAA /* Release */ = {
			isa = XCBuildConfiguration;
			buildSettings = {
				ALWAYS_EMBED_SWIFT_STANDARD_LIBRARIES = NO;
				CODE_SIGN_STYLE = Automatic;
				DEVELOPMENT_TEAM = FL458598BU;
				FRAMEWORK_SEARCH_PATHS = (
					"$(inherited)",
					"$(PROJECT_DIR)/Carthage/Build/Mac",
				);
				PRODUCT_NAME = "$(TARGET_NAME)";
				SWIFT_VERSION = 4.0;
			};
			name = Release;
		};
/* End XCBuildConfiguration section */

/* Begin XCConfigurationList section */
		EC8A7F6520D04A0E00ABEEAA /* Build configuration list for PBXProject "gltf2scn" */ = {
			isa = XCConfigurationList;
			buildConfigurations = (
				EC8A7F6F20D04A0E00ABEEAA /* Debug */,
				EC8A7F7020D04A0E00ABEEAA /* Release */,
			);
			defaultConfigurationIsVisible = 0;
			defaultConfigurationName = Release;
		};
		EC8A7F7120D04A0E00ABEEAA /* Build configuration list for PBXNativeTarget "gltf2scn" */ = {
			isa = XCConfigurationList;
			buildConfigurations = (
				EC8A7F7220D04A0E00ABEEAA /* Debug */,
				EC8A7F7320D04A0E00ABEEAA /* Release */,
			);
			defaultConfigurationIsVisible = 0;
			defaultConfigurationName = Release;
		};
/* End XCConfigurationList section */
	};
	rootObject = EC8A7F6220D04A0E00ABEEAA /* Project object */;
}
